
Microsoft Visual Studio Solution File, Format Version 12.00
# Visual Studio Version 17
Project("{8BC9CEB8-8B4A-11D0-8D11-00A0C91BC942}") = "ALL_BUILD", "ALL_BUILD.vcxproj", "{2B854C7B-1EA1-345B-A549-6F24A91EA1AC}"
	ProjectSection(ProjectDependencies) = postProject
		{181F0ECE-8334-38B7-BAEB-09A1DBBF8566} = {181F0ECE-8334-38B7-BAEB-09A1DBBF8566}
		{44195F28-1EE2-35A9-80ED-56739A5C216E} = {44195F28-1EE2-35A9-80ED-56739A5C216E}
	EndProjectSection
EndProject
Project("{8BC9CEB8-8B4A-11D0-8D11-00A0C91BC942}") = "StatView", "StatView.vcxproj", "{181F0ECE-8334-38B7-BAEB-09A1DBBF8566}"
	ProjectSection(ProjectDependencies) = postProject
		{44195F28-1EE2-35A9-80ED-56739A5C216E} = {44195F28-1EE2-35A9-80ED-56739A5C216E}
	EndProjectSection
EndProject
Project("{8BC9CEB8-8B4A-11D0-8D11-00A0C91BC942}") = "ZERO_CHECK", "ZERO_CHECK.vcxproj", "{44195F28-1EE2-35A9-80ED-56739A5C216E}"
	ProjectSection(ProjectDependencies) = postProject
	EndProjectSection
EndProject
Global
	GlobalSection(SolutionConfigurationPlatforms) = preSolution
		Debug|x64 = Debug|x64
		Release|x64 = Release|x64
		MinSizeRel|x64 = MinSizeRel|x64
		RelWithDebInfo|x64 = RelWithDebInfo|x64
	EndGlobalSection
	GlobalSection(ProjectConfigurationPlatforms) = postSolution
		{2B854C7B-1EA1-345B-A549-6F24A91EA1AC}.Debug|x64.ActiveCfg = Debug|x64
		{2B854C7B-1EA1-345B-A549-6F24A91EA1AC}.Release|x64.ActiveCfg = Release|x64
		{2B854C7B-1EA1-345B-A549-6F24A91EA1AC}.MinSizeRel|x64.ActiveCfg = MinSizeRel|x64
		{2B854C7B-1EA1-345B-A549-6F24A91EA1AC}.RelWithDebInfo|x64.ActiveCfg = RelWithDebInfo|x64
		{181F0ECE-8334-38B7-BAEB-09A1DBBF8566}.Debug|x64.ActiveCfg = Debug|x64
		{181F0ECE-8334-38B7-BAEB-09A1DBBF8566}.Debug|x64.Build.0 = Debug|x64
		{181F0ECE-8334-38B7-BAEB-09A1DBBF8566}.Release|x64.ActiveCfg = Release|x64
		{181F0ECE-8334-38B7-BAEB-09A1DBBF8566}.Release|x64.Build.0 = Release|x64
		{181F0ECE-8334-38B7-BAEB-09A1DBBF8566}.MinSizeRel|x64.ActiveCfg = MinSizeRel|x64
		{181F0ECE-8334-38B7-BAEB-09A1DBBF8566}.MinSizeRel|x64.Build.0 = MinSizeRel|x64
		{181F0ECE-8334-38B7-BAEB-09A1DBBF8566}.RelWithDebInfo|x64.ActiveCfg = RelWithDebInfo|x64
		{181F0ECE-8334-38B7-BAEB-09A1DBBF8566}.RelWithDebInfo|x64.Build.0 = RelWithDebInfo|x64
		{44195F28-1EE2-35A9-80ED-56739A5C216E}.Debug|x64.ActiveCfg = Debug|x64
		{44195F28-1EE2-35A9-80ED-56739A5C216E}.Debug|x64.Build.0 = Debug|x64
		{44195F28-1EE2-35A9-80ED-56739A5C216E}.Release|x64.ActiveCfg = Release|x64
		{44195F28-1EE2-35A9-80ED-56739A5C216E}.Release|x64.Build.0 = Release|x64
		{44195F28-1EE2-35A9-80ED-56739A5C216E}.MinSizeRel|x64.ActiveCfg = MinSizeRel|x64
		{44195F28-1EE2-35A9-80ED-56739A5C216E}.MinSizeRel|x64.Build.0 = MinSizeRel|x64
		{44195F28-1EE2-35A9-80ED-56739A5C216E}.RelWithDebInfo|x64.ActiveCfg = RelWithDebInfo|x64
		{44195F28-1EE2-35A9-80ED-56739A5C216E}.RelWithDebInfo|x64.Build.0 = RelWithDebInfo|x64
	EndGlobalSection
	GlobalSection(ExtensibilityGlobals) = postSolution
		SolutionGuid = {707FF5E9-D942-30DB-80C8-A4F7CB24CADD}
	EndGlobalSection
	GlobalSection(ExtensibilityAddIns) = postSolution
	EndGlobalSection
EndGlobal
